dependencies:
- name: postgresql
  repository: https://charts.bitnami.com/bitnami
  version: 15.5.38
- name: valkey
  repository: https://charts.bitnami.com/bitnami
  version: 5.4.11
digest: sha256:469f2bc9f1c9d551e65be40e322997a9910adcca00ac5cfedc09ab5b4c58d8a7
generated: "2026-04-19T22:07:40.421717-05:00"
